// !$*UTF8*$!
{
	archiveVersion = 1;
	classes = {
	};
	objectVersion = 48;
	objects = {

/* Begin PBXBuildFile section */
		557EEE09CB8E3028CFBB6008 /* Pods_RxReduxTests.framework in Frameworks */ = {isa = PBXBuildFile; fileRef = 1FEAEF41EA1F430FBF861D12 /* Pods_RxReduxTests.framework */; };
		60230DF1083D915FC5E3B71E /* Pods_RxRedux.framework in Frameworks */ = {isa = PBXBuildFile; fileRef = B56EF77FB77CC13EA1756BB2 /* Pods_RxRedux.framework */; };
		8304A1552033B71100E8BCF1 /* CountPresenter.swift in Sources */ = {isa = PBXBuildFile; fileRef = 8304A1542033B71100E8BCF1 /* CountPresenter.swift */; };
		8304A15A2033C08C00E8BCF1 /* LoggingMiddleware.swift in Sources */ = {isa = PBXBuildFile; fileRef = 8304A1592033C08C00E8BCF1 /* LoggingMiddleware.swift */; };
		830E6F76203760AC00441057 /* Localizable.strings in Resources */ = {isa = PBXBuildFile; fileRef = 830E6F78203760AC00441057 /* Localizable.strings */; };
		830E6F7B2037641200441057 /* UIView+Accessibility.swift in Sources */ = {isa = PBXBuildFile; fileRef = 830E6F7A2037641200441057 /* UIView+Accessibility.swift */; };
		830E6F7F2037834300441057 /* UIView+SnapKit.swift in Sources */ = {isa = PBXBuildFile; fileRef = 830E6F7E2037834300441057 /* UIView+SnapKit.swift */; };
		830E6F812037895700441057 /* NSLocalizedString+Helper.swift in Sources */ = {isa = PBXBuildFile; fileRef = 830E6F802037895700441057 /* NSLocalizedString+Helper.swift */; };
		830E6F832037B0F100441057 /* Action+ActionType.swift in Sources */ = {isa = PBXBuildFile; fileRef = 830E6F822037B0F100441057 /* Action+ActionType.swift */; };
		831D02B1203AA4E500825ED1 /* CountNavigationController.swift in Sources */ = {isa = PBXBuildFile; fileRef = 831D02B0203AA4E500825ED1 /* CountNavigationController.swift */; };
		831D02B3203AA97300825ED1 /* MockUserDefaults.swift in Sources */ = {isa = PBXBuildFile; fileRef = 831D02B2203AA97300825ED1 /* MockUserDefaults.swift */; };
		831D02B5203AAAE200825ED1 /* LanguageNavigationController.swift in Sources */ = {isa = PBXBuildFile; fileRef = 831D02B4203AAAE200825ED1 /* LanguageNavigationController.swift */; };
		831D02B8203AB9EF00825ED1 /* StyleViewControllerTests.swift in Sources */ = {isa = PBXBuildFile; fileRef = 831D02B7203AB9EF00825ED1 /* StyleViewControllerTests.swift */; };
		831D02BA203ABA9400825ED1 /* StyleNavigationController.swift in Sources */ = {isa = PBXBuildFile; fileRef = 831D02B9203ABA9400825ED1 /* StyleNavigationController.swift */; };
		831D02BC203ABD4E00825ED1 /* StyleReducerTests.swift in Sources */ = {isa = PBXBuildFile; fileRef = 831D02BB203ABD4E00825ED1 /* StyleReducerTests.swift */; };
		8320D46C203CD5F40032AA3A /* Api.swift in Sources */ = {isa = PBXBuildFile; fileRef = 8320D46B203CD5F40032AA3A /* Api.swift */; };
		8320D46E203CE09E0032AA3A /* ImageSearchActionCreatorTests.swift in Sources */ = {isa = PBXBuildFile; fileRef = 8320D46D203CE09E0032AA3A /* ImageSearchActionCreatorTests.swift */; };
		834117082038929E00399D2C /* LanguageState.swift in Sources */ = {isa = PBXBuildFile; fileRef = 834117072038929E00399D2C /* LanguageState.swift */; };
		8341170A2038955C00399D2C /* LanguagePresenter.swift in Sources */ = {isa = PBXBuildFile; fileRef = 834117092038955C00399D2C /* LanguagePresenter.swift */; };
		8341170C2038971500399D2C /* LanguageViewController.swift in Sources */ = {isa = PBXBuildFile; fileRef = 8341170B2038971500399D2C /* LanguageViewController.swift */; };
		8341170E203897E700399D2C /* Identifiable.swift in Sources */ = {isa = PBXBuildFile; fileRef = 8341170D203897E700399D2C /* Identifiable.swift */; };
		834117102038980800399D2C /* LanguageTableViewCell.swift in Sources */ = {isa = PBXBuildFile; fileRef = 8341170F2038980800399D2C /* LanguageTableViewCell.swift */; };
		8341171220389E0300399D2C /* LanguageMiddleware.swift in Sources */ = {isa = PBXBuildFile; fileRef = 8341171120389E0300399D2C /* LanguageMiddleware.swift */; };
		834117142038AAD300399D2C /* TitlableView.swift in Sources */ = {isa = PBXBuildFile; fileRef = 834117132038AAD300399D2C /* TitlableView.swift */; };
		834117162038ABA400399D2C /* TabTitlableView.swift in Sources */ = {isa = PBXBuildFile; fileRef = 834117152038ABA400399D2C /* TabTitlableView.swift */; };
		8341171B2038AD6200399D2C /* LocalizableTabTitlePresenter.swift in Sources */ = {isa = PBXBuildFile; fileRef = 8341171A2038AD6200399D2C /* LocalizableTabTitlePresenter.swift */; };
		834117232038BC2D00399D2C /* StyleViewController.swift in Sources */ = {isa = PBXBuildFile; fileRef = 834117222038BC2D00399D2C /* StyleViewController.swift */; };
		834117252038BC8B00399D2C /* StylePresenter.swift in Sources */ = {isa = PBXBuildFile; fileRef = 834117242038BC8B00399D2C /* StylePresenter.swift */; };
		834117272038BCBB00399D2C /* StyleTableViewCell.swift in Sources */ = {isa = PBXBuildFile; fileRef = 834117262038BCBB00399D2C /* StyleTableViewCell.swift */; };
		834117292038BCE100399D2C /* StyleState.swift in Sources */ = {isa = PBXBuildFile; fileRef = 834117282038BCE100399D2C /* StyleState.swift */; };
		8341172F2038DB6400399D2C /* Store+Language.swift in Sources */ = {isa = PBXBuildFile; fileRef = 8341172E2038DB6400399D2C /* Store+Language.swift */; };
		83411731203A7E8000399D2C /* LanguageStateTests.swift in Sources */ = {isa = PBXBuildFile; fileRef = 83411730203A7E8000399D2C /* LanguageStateTests.swift */; };
		83411735203A7FFF00399D2C /* Spy.swift in Sources */ = {isa = PBXBuildFile; fileRef = 83411733203A7FFF00399D2C /* Spy.swift */; };
		83411736203A7FFF00399D2C /* Mock.swift in Sources */ = {isa = PBXBuildFile; fileRef = 83411734203A7FFF00399D2C /* Mock.swift */; };
		83411738203A834400399D2C /* LanguageViewControllerTests.swift in Sources */ = {isa = PBXBuildFile; fileRef = 83411737203A834400399D2C /* LanguageViewControllerTests.swift */; };
		834A0EBB203AC25F002A3FF1 /* StyleMiddleware.swift in Sources */ = {isa = PBXBuildFile; fileRef = 834A0EBA203AC25F002A3FF1 /* StyleMiddleware.swift */; };
		834A0EBE203AF526002A3FF1 /* Progress.swift in Sources */ = {isa = PBXBuildFile; fileRef = 834A0EBD203AF526002A3FF1 /* Progress.swift */; };
		834A0EC1203B0497002A3FF1 /* ImageSearchViewController.swift in Sources */ = {isa = PBXBuildFile; fileRef = 834A0EC0203B0497002A3FF1 /* ImageSearchViewController.swift */; };
		834A0EC3203B05BA002A3FF1 /* ImageSearchNavigationController.swift in Sources */ = {isa = PBXBuildFile; fileRef = 834A0EC2203B05BA002A3FF1 /* ImageSearchNavigationController.swift */; };
		834A0EC5203B05F5002A3FF1 /* ImageSearchPresenter.swift in Sources */ = {isa = PBXBuildFile; fileRef = 834A0EC4203B05F5002A3FF1 /* ImageSearchPresenter.swift */; };
		834A0EC7203B189B002A3FF1 /* ImageState.swift in Sources */ = {isa = PBXBuildFile; fileRef = 834A0EC6203B189B002A3FF1 /* ImageState.swift */; };
		834A0EC9203B54D0002A3FF1 /* ImageSearchCollectionViewCell.swift in Sources */ = {isa = PBXBuildFile; fileRef = 834A0EC8203B54D0002A3FF1 /* ImageSearchCollectionViewCell.swift */; };
		834A0ECB203B7639002A3FF1 /* ImageSearchCollectionViewDataSource.swift in Sources */ = {isa = PBXBuildFile; fileRef = 834A0ECA203B7639002A3FF1 /* ImageSearchCollectionViewDataSource.swift */; };
		834A0ECD203C3E7D002A3FF1 /* TabBarController.swift in Sources */ = {isa = PBXBuildFile; fileRef = 834A0ECC203C3E7D002A3FF1 /* TabBarController.swift */; };
		834A0ED3203C55F1002A3FF1 /* ImageApi.swift in Sources */ = {isa = PBXBuildFile; fileRef = 834A0ED2203C55F1002A3FF1 /* ImageApi.swift */; };
		834A0ED7203C6823002A3FF1 /* GreenStyle.swift in Sources */ = {isa = PBXBuildFile; fileRef = 834A0ED6203C6823002A3FF1 /* GreenStyle.swift */; };
		834A0ED9203C6839002A3FF1 /* BlueStyle.swift in Sources */ = {isa = PBXBuildFile; fileRef = 834A0ED8203C6839002A3FF1 /* BlueStyle.swift */; };
		834A0EDB203C685F002A3FF1 /* UIColor+RGB.swift in Sources */ = {isa = PBXBuildFile; fileRef = 834A0EDA203C685F002A3FF1 /* UIColor+RGB.swift */; };
		834A0EDD203C6878002A3FF1 /* Style.swift in Sources */ = {isa = PBXBuildFile; fileRef = 834A0EDC203C6878002A3FF1 /* Style.swift */; };
		834A0EE3203C6EAF002A3FF1 /* RoutingMiddleware.swift in Sources */ = {isa = PBXBuildFile; fileRef = 834A0EE2203C6EAF002A3FF1 /* RoutingMiddleware.swift */; };
		834A0EE5203C716C002A3FF1 /* ImageViewController.swift in Sources */ = {isa = PBXBuildFile; fileRef = 834A0EE4203C716C002A3FF1 /* ImageViewController.swift */; };
		834A0EE7203C7174002A3FF1 /* ImagePresenter.swift in Sources */ = {isa = PBXBuildFile; fileRef = 834A0EE6203C7174002A3FF1 /* ImagePresenter.swift */; };
		834A0EE9203C7E09002A3FF1 /* LocalizableTitlePresenter.swift in Sources */ = {isa = PBXBuildFile; fileRef = 834A0EE8203C7E08002A3FF1 /* LocalizableTitlePresenter.swift */; };
		834E31E12041F90400143C21 /* SignInView.swift in Sources */ = {isa = PBXBuildFile; fileRef = 834E31E02041F90400143C21 /* SignInView.swift */; };
		834E31E32041FEE400143C21 /* SignedInView.swift in Sources */ = {isa = PBXBuildFile; fileRef = 834E31E22041FEE400143C21 /* SignedInView.swift */; };
		834E31E52042B9CC00143C21 /* PersistenceMiddleware.swift in Sources */ = {isa = PBXBuildFile; fileRef = 834E31E42042B9CC00143C21 /* PersistenceMiddleware.swift */; };
		83B2B6C6203C92F50042331B /* ExternalLinkRouter.swift in Sources */ = {isa = PBXBuildFile; fileRef = 83B2B6C5203C92F50042331B /* ExternalLinkRouter.swift */; };
		83B2B6CB203C9ABD0042331B /* LoadIndicatingView.swift in Sources */ = {isa = PBXBuildFile; fileRef = 83B2B6CA203C9ABD0042331B /* LoadIndicatingView.swift */; };
		83B2B6CD203C9B910042331B /* LoadingView.swift in Sources */ = {isa = PBXBuildFile; fileRef = 83B2B6CC203C9B910042331B /* LoadingView.swift */; };
		83B2B6D2203CB8B60042331B /* ImageStateTests.swift in Sources */ = {isa = PBXBuildFile; fileRef = 83B2B6D1203CB8B60042331B /* ImageStateTests.swift */; };
		83B2B6D4203CBC0E0042331B /* ReducerTestCase.swift in Sources */ = {isa = PBXBuildFile; fileRef = 83B2B6D3203CBC0E0042331B /* ReducerTestCase.swift */; };
		83C40379203512F000138C77 /* CountStateTests.swift in Sources */ = {isa = PBXBuildFile; fileRef = 83C40378203512F000138C77 /* CountStateTests.swift */; };
		83C403892035185A00138C77 /* CountViewControllerTests.swift in Sources */ = {isa = PBXBuildFile; fileRef = 83C4037620350FF600138C77 /* CountViewControllerTests.swift */; };
		83C4038B20370CD700138C77 /* AppState.swift in Sources */ = {isa = PBXBuildFile; fileRef = 83C4038A20370CD700138C77 /* AppState.swift */; };
		83C4038D20370DB900138C77 /* CountState.swift in Sources */ = {isa = PBXBuildFile; fileRef = 83C4038C20370DB900138C77 /* CountState.swift */; };
		83C4038F2037316D00138C77 /* XCTestCase+KIF.swift in Sources */ = {isa = PBXBuildFile; fileRef = 83C4038E2037316D00138C77 /* XCTestCase+KIF.swift */; };
		83C4039320374B6300138C77 /* ViewControllerTestCase.swift in Sources */ = {isa = PBXBuildFile; fileRef = 83C4039220374B6300138C77 /* ViewControllerTestCase.swift */; };
		83D7F6B520418D9C00E7D760 /* SignInActions.swift in Sources */ = {isa = PBXBuildFile; fileRef = 83D7F6AF20418D9C00E7D760 /* SignInActions.swift */; };
		83D7F6B620418D9C00E7D760 /* SignInState.swift in Sources */ = {isa = PBXBuildFile; fileRef = 83D7F6B020418D9C00E7D760 /* SignInState.swift */; };
		83D7F6B720418D9C00E7D760 /* SignInError.swift in Sources */ = {isa = PBXBuildFile; fileRef = 83D7F6B120418D9C00E7D760 /* SignInError.swift */; };
		83D7F6B820418D9C00E7D760 /* SignInViewModel.swift in Sources */ = {isa = PBXBuildFile; fileRef = 83D7F6B220418D9C00E7D760 /* SignInViewModel.swift */; };
		83D7F6B920418D9C00E7D760 /* SignInViewController.swift in Sources */ = {isa = PBXBuildFile; fileRef = 83D7F6B320418D9C00E7D760 /* SignInViewController.swift */; };
		83D7F6C020418F5C00E7D760 /* SignedInUser.swift in Sources */ = {isa = PBXBuildFile; fileRef = 83D7F6BF20418F5C00E7D760 /* SignedInUser.swift */; };
		83D7F6C22041C1E900E7D760 /* SignInNavigationController.swift in Sources */ = {isa = PBXBuildFile; fileRef = 83D7F6C12041C1E900E7D760 /* SignInNavigationController.swift */; };
		83D7F6C82041CAEB00E7D760 /* LocalizableTitle.swift in Sources */ = {isa = PBXBuildFile; fileRef = 83D7F6C72041CAEB00E7D760 /* LocalizableTitle.swift */; };
		83D7F6CA2041CE1200E7D760 /* LocalizablePlaceholder.swift in Sources */ = {isa = PBXBuildFile; fileRef = 83D7F6C92041CE1200E7D760 /* LocalizablePlaceholder.swift */; };
		83D7F6CC2041D36100E7D760 /* Localizable.swift in Sources */ = {isa = PBXBuildFile; fileRef = 83D7F6CB2041D36100E7D760 /* Localizable.swift */; };
		83F9A31E2033A2A2002D4B5B /* AppDelegate.swift in Sources */ = {isa = PBXBuildFile; fileRef = 83F9A31D2033A2A2002D4B5B /* AppDelegate.swift */; };
		83F9A3202033A2A2002D4B5B /* CountViewController.swift in Sources */ = {isa = PBXBuildFile; fileRef = 83F9A31F2033A2A2002D4B5B /* CountViewController.swift */; };
		83F9A3252033A2A2002D4B5B /* Assets.xcassets in Resources */ = {isa = PBXBuildFile; fileRef = 83F9A3242033A2A2002D4B5B /* Assets.xcassets */; };
		83F9A3282033A2A2002D4B5B /* LaunchScreen.storyboard in Resources */ = {isa = PBXBuildFile; fileRef = 83F9A3262033A2A2002D4B5B /* LaunchScreen.storyboard */; };
		83F9A33E2033A2AD002D4B5B /* Store.swift in Sources */ = {isa = PBXBuildFile; fileRef = 83F9A33D2033A2AD002D4B5B /* Store.swift */; };
		83F9A3402033A2E1002D4B5B /* StateType.swift in Sources */ = {isa = PBXBuildFile; fileRef = 83F9A33F2033A2E1002D4B5B /* StateType.swift */; };
		83F9A3422033A3ED002D4B5B /* Presenter.swift in Sources */ = {isa = PBXBuildFile; fileRef = 83F9A3412033A3ED002D4B5B /* Presenter.swift */; };
		83F9A3442033A6D7002D4B5B /* Middleware.swift in Sources */ = {isa = PBXBuildFile; fileRef = 83F9A3432033A6D7002D4B5B /* Middleware.swift */; };
		83F9A3462033A77A002D4B5B /* ActionType.swift in Sources */ = {isa = PBXBuildFile; fileRef = 83F9A3452033A77A002D4B5B /* ActionType.swift */; };
/* End PBXBuildFile section */

/* Begin PBXContainerItemProxy section */
		83F9A32F2033A2A2002D4B5B /* PBXContainerItemProxy */ = {
			isa = PBXContainerItemProxy;
			containerPortal = 83F9A3122033A2A2002D4B5B /* Project object */;
			proxyType = 1;
			remoteGlobalIDString = 83F9A3192033A2A2002D4B5B;
			remoteInfo = RxRedux;
		};
/* End PBXContainerItemProxy section */

/* Begin PBXFileReference section */
		07B64CB9E7C5981129CB98A8 /* Pods-RxReduxTests.debug.xcconfig */ = {isa = PBXFileReference; includeInIndex = 1; lastKnownFileType = text.xcconfig; name = "Pods-RxReduxTests.debug.xcconfig"; path = "Pods/Target Support Files/Pods-RxReduxTests/Pods-RxReduxTests.debug.xcconfig"; sourceTree = "<group>"; };
		0815053FC80BE69B512DCB99 /* Pods-RxReduxTests.release.xcconfig */ = {isa = PBXFileReference; includeInIndex = 1; lastKnownFileType = text.xcconfig; name = "Pods-RxReduxTests.release.xcconfig"; path = "Pods/Target Support Files/Pods-RxReduxTests/Pods-RxReduxTests.release.xcconfig"; sourceTree = "<group>"; };
		1625978E2F618371DCBDCBB2 /* Pods_RxReduxUITests.framework */ = {isa = PBXFileReference; explicitFileType = wrapper.framework; includeInIndex = 0; path = Pods_RxReduxUITests.framework; sourceTree = BUILT_PRODUCTS_DIR; };
		1FEAEF41EA1F430FBF861D12 /* Pods_RxReduxTests.framework */ = {isa = PBXFileReference; explicitFileType = wrapper.framework; includeInIndex = 0; path = Pods_RxReduxTests.framework; sourceTree = BUILT_PRODUCTS_DIR; };
		74F0BC92FF9CE12632E4FAD2 /* Pods-RxReduxUITests.release.xcconfig */ = {isa = PBXFileReference; includeInIndex = 1; lastKnownFileType = text.xcconfig; name = "Pods-RxReduxUITests.release.xcconfig"; path = "Pods/Target Support Files/Pods-RxReduxUITests/Pods-RxReduxUITests.release.xcconfig"; sourceTree = "<group>"; };
		822C7CAEA800E26C1B42746C /* Pods-RxRedux.debug.xcconfig */ = {isa = PBXFileReference; includeInIndex = 1; lastKnownFileType = text.xcconfig; name = "Pods-RxRedux.debug.xcconfig"; path = "Pods/Target Support Files/Pods-RxRedux/Pods-RxRedux.debug.xcconfig"; sourceTree = "<group>"; };
		827719A3DDB52CCE167C06F9 /* Pods-RxReduxUITests.debug.xcconfig */ = {isa = PBXFileReference; includeInIndex = 1; lastKnownFileType = text.xcconfig; name = "Pods-RxReduxUITests.debug.xcconfig"; path = "Pods/Target Support Files/Pods-RxReduxUITests/Pods-RxReduxUITests.debug.xcconfig"; sourceTree = "<group>"; };
		8304A1542033B71100E8BCF1 /* CountPresenter.swift */ = {isa = PBXFileReference; lastKnownFileType = sourcecode.swift; path = CountPresenter.swift; sourceTree = "<group>"; };
		8304A1592033C08C00E8BCF1 /* LoggingMiddleware.swift */ = {isa = PBXFileReference; lastKnownFileType = sourcecode.swift; path = LoggingMiddleware.swift; sourceTree = "<group>"; };
		830E6F77203760AC00441057 /* en */ = {isa = PBXFileReference; lastKnownFileType = text.plist.strings; name = en; path = en.lproj/Localizable.strings; sourceTree = "<group>"; };
		830E6F7A2037641200441057 /* UIView+Accessibility.swift */ = {isa = PBXFileReference; lastKnownFileType = sourcecode.swift; path = "UIView+Accessibility.swift"; sourceTree = "<group>"; };
		830E6F7E2037834300441057 /* UIView+SnapKit.swift */ = {isa = PBXFileReference; lastKnownFileType = sourcecode.swift; path = "UIView+SnapKit.swift"; sourceTree = "<group>"; };
		830E6F802037895700441057 /* NSLocalizedString+Helper.swift */ = {isa = PBXFileReference; lastKnownFileType = sourcecode.swift; path = "NSLocalizedString+Helper.swift"; sourceTree = "<group>"; };
		830E6F822037B0F100441057 /* Action+ActionType.swift */ = {isa = PBXFileReference; lastKnownFileType = sourcecode.swift; path = "Action+ActionType.swift"; sourceTree = "<group>"; };
		830E6F842037B16C00441057 /* fr */ = {isa = PBXFileReference; lastKnownFileType = text.plist.strings; name = fr; path = fr.lproj/Localizable.strings; sourceTree = "<group>"; };
		831D02B0203AA4E500825ED1 /* CountNavigationController.swift */ = {isa = PBXFileReference; lastKnownFileType = sourcecode.swift; path = CountNavigationController.swift; sourceTree = "<group>"; };
		831D02B2203AA97300825ED1 /* MockUserDefaults.swift */ = {isa = PBXFileReference; lastKnownFileType = sourcecode.swift; path = MockUserDefaults.swift; sourceTree = "<group>"; };
		831D02B4203AAAE200825ED1 /* LanguageNavigationController.swift */ = {isa = PBXFileReference; lastKnownFileType = sourcecode.swift; path = LanguageNavigationController.swift; sourceTree = "<group>"; };
		831D02B7203AB9EF00825ED1 /* StyleViewControllerTests.swift */ = {isa = PBXFileReference; lastKnownFileType = sourcecode.swift; path = StyleViewControllerTests.swift; sourceTree = "<group>"; };
		831D02B9203ABA9400825ED1 /* StyleNavigationController.swift */ = {isa = PBXFileReference; lastKnownFileType = sourcecode.swift; path = StyleNavigationController.swift; sourceTree = "<group>"; };
		831D02BB203ABD4E00825ED1 /* StyleReducerTests.swift */ = {isa = PBXFileReference; lastKnownFileType = sourcecode.swift; path = StyleReducerTests.swift; sourceTree = "<group>"; };
		8320D46B203CD5F40032AA3A /* Api.swift */ = {isa = PBXFileReference; lastKnownFileType = sourcecode.swift; path = Api.swift; sourceTree = "<group>"; };
		8320D46D203CE09E0032AA3A /* ImageSearchActionCreatorTests.swift */ = {isa = PBXFileReference; lastKnownFileType = sourcecode.swift; path = ImageSearchActionCreatorTests.swift; sourceTree = "<group>"; };
		834117072038929E00399D2C /* LanguageState.swift */ = {isa = PBXFileReference; lastKnownFileType = sourcecode.swift; path = LanguageState.swift; sourceTree = "<group>"; };
		834117092038955C00399D2C /* LanguagePresenter.swift */ = {isa = PBXFileReference; lastKnownFileType = sourcecode.swift; path = LanguagePresenter.swift; sourceTree = "<group>"; };
		8341170B2038971500399D2C /* LanguageViewController.swift */ = {isa = PBXFileReference; lastKnownFileType = sourcecode.swift; path = LanguageViewController.swift; sourceTree = "<group>"; };
		8341170D203897E700399D2C /* Identifiable.swift */ = {isa = PBXFileReference; lastKnownFileType = sourcecode.swift; path = Identifiable.swift; sourceTree = "<group>"; };
		8341170F2038980800399D2C /* LanguageTableViewCell.swift */ = {isa = PBXFileReference; lastKnownFileType = sourcecode.swift; path = LanguageTableViewCell.swift; sourceTree = "<group>"; };
		8341171120389E0300399D2C /* LanguageMiddleware.swift */ = {isa = PBXFileReference; lastKnownFileType = sourcecode.swift; path = LanguageMiddleware.swift; sourceTree = "<group>"; };
		834117132038AAD300399D2C /* TitlableView.swift */ = {isa = PBXFileReference; lastKnownFileType = sourcecode.swift; path = TitlableView.swift; sourceTree = "<group>"; };
		834117152038ABA400399D2C /* TabTitlableView.swift */ = {isa = PBXFileReference; lastKnownFileType = sourcecode.swift; path = TabTitlableView.swift; sourceTree = "<group>"; };
		8341171A2038AD6200399D2C /* LocalizableTabTitlePresenter.swift */ = {isa = PBXFileReference; lastKnownFileType = sourcecode.swift; path = LocalizableTabTitlePresenter.swift; sourceTree = "<group>"; };
		8341171E2038B6D400399D2C /* ja */ = {isa = PBXFileReference; lastKnownFileType = text.plist.strings; name = ja; path = ja.lproj/Localizable.strings; sourceTree = "<group>"; };
		834117222038BC2D00399D2C /* StyleViewController.swift */ = {isa = PBXFileReference; fileEncoding = 4; lastKnownFileType = sourcecode.swift; path = StyleViewController.swift; sourceTree = "<group>"; };
		834117242038BC8B00399D2C /* StylePresenter.swift */ = {isa = PBXFileReference; lastKnownFileType = sourcecode.swift; path = StylePresenter.swift; sourceTree = "<group>"; };
		834117262038BCBB00399D2C /* StyleTableViewCell.swift */ = {isa = PBXFileReference; lastKnownFileType = sourcecode.swift; path = StyleTableViewCell.swift; sourceTree = "<group>"; };
		834117282038BCE100399D2C /* StyleState.swift */ = {isa = PBXFileReference; lastKnownFileType = sourcecode.swift; path = StyleState.swift; sourceTree = "<group>"; };
		8341172E2038DB6400399D2C /* Store+Language.swift */ = {isa = PBXFileReference; lastKnownFileType = sourcecode.swift; path = "Store+Language.swift"; sourceTree = "<group>"; };
		83411730203A7E8000399D2C /* LanguageStateTests.swift */ = {isa = PBXFileReference; lastKnownFileType = sourcecode.swift; path = LanguageStateTests.swift; sourceTree = "<group>"; };
		83411733203A7FFF00399D2C /* Spy.swift */ = {isa = PBXFileReference; fileEncoding = 4; lastKnownFileType = sourcecode.swift; path = Spy.swift; sourceTree = "<group>"; };
		83411734203A7FFF00399D2C /* Mock.swift */ = {isa = PBXFileReference; fileEncoding = 4; lastKnownFileType = sourcecode.swift; path = Mock.swift; sourceTree = "<group>"; };
		83411737203A834400399D2C /* LanguageViewControllerTests.swift */ = {isa = PBXFileReference; lastKnownFileType = sourcecode.swift; path = LanguageViewControllerTests.swift; sourceTree = "<group>"; };
		834A0EBA203AC25F002A3FF1 /* StyleMiddleware.swift */ = {isa = PBXFileReference; fileEncoding = 4; lastKnownFileType = sourcecode.swift; path = StyleMiddleware.swift; sourceTree = "<group>"; };
		834A0EBD203AF526002A3FF1 /* Progress.swift */ = {isa = PBXFileReference; lastKnownFileType = sourcecode.swift; path = Progress.swift; sourceTree = "<group>"; };
		834A0EC0203B0497002A3FF1 /* ImageSearchViewController.swift */ = {isa = PBXFileReference; lastKnownFileType = sourcecode.swift; path = ImageSearchViewController.swift; sourceTree = "<group>"; };
		834A0EC2203B05BA002A3FF1 /* ImageSearchNavigationController.swift */ = {isa = PBXFileReference; lastKnownFileType = sourcecode.swift; path = ImageSearchNavigationController.swift; sourceTree = "<group>"; };
		834A0EC4203B05F5002A3FF1 /* ImageSearchPresenter.swift */ = {isa = PBXFileReference; lastKnownFileType = sourcecode.swift; path = ImageSearchPresenter.swift; sourceTree = "<group>"; };
		834A0EC6203B189B002A3FF1 /* ImageState.swift */ = {isa = PBXFileReference; lastKnownFileType = sourcecode.swift; path = ImageState.swift; sourceTree = "<group>"; };
		834A0EC8203B54D0002A3FF1 /* ImageSearchCollectionViewCell.swift */ = {isa = PBXFileReference; lastKnownFileType = sourcecode.swift; path = ImageSearchCollectionViewCell.swift; sourceTree = "<group>"; };
		834A0ECA203B7639002A3FF1 /* ImageSearchCollectionViewDataSource.swift */ = {isa = PBXFileReference; lastKnownFileType = sourcecode.swift; path = ImageSearchCollectionViewDataSource.swift; sourceTree = "<group>"; };
		834A0ECC203C3E7D002A3FF1 /* TabBarController.swift */ = {isa = PBXFileReference; lastKnownFileType = sourcecode.swift; path = TabBarController.swift; sourceTree = "<group>"; };
		834A0ED2203C55F1002A3FF1 /* ImageApi.swift */ = {isa = PBXFileReference; lastKnownFileType = sourcecode.swift; path = ImageApi.swift; sourceTree = "<group>"; };
		834A0ED6203C6823002A3FF1 /* GreenStyle.swift */ = {isa = PBXFileReference; lastKnownFileType = sourcecode.swift; path = GreenStyle.swift; sourceTree = "<group>"; };
		834A0ED8203C6839002A3FF1 /* BlueStyle.swift */ = {isa = PBXFileReference; lastKnownFileType = sourcecode.swift; path = BlueStyle.swift; sourceTree = "<group>"; };
		834A0EDA203C685F002A3FF1 /* UIColor+RGB.swift */ = {isa = PBXFileReference; lastKnownFileType = sourcecode.swift; path = "UIColor+RGB.swift"; sourceTree = "<group>"; };
		834A0EDC203C6878002A3FF1 /* Style.swift */ = {isa = PBXFileReference; lastKnownFileType = sourcecode.swift; path = Style.swift; sourceTree = "<group>"; };
		834A0EE2203C6EAF002A3FF1 /* RoutingMiddleware.swift */ = {isa = PBXFileReference; lastKnownFileType = sourcecode.swift; path = RoutingMiddleware.swift; sourceTree = "<group>"; };
		834A0EE4203C716C002A3FF1 /* ImageViewController.swift */ = {isa = PBXFileReference; lastKnownFileType = sourcecode.swift; path = ImageViewController.swift; sourceTree = "<group>"; };
		834A0EE6203C7174002A3FF1 /* ImagePresenter.swift */ = {isa = PBXFileReference; lastKnownFileType = sourcecode.swift; path = ImagePresenter.swift; sourceTree = "<group>"; };
		834A0EE8203C7E08002A3FF1 /* LocalizableTitlePresenter.swift */ = {isa = PBXFileReference; fileEncoding = 4; lastKnownFileType = sourcecode.swift; path = LocalizableTitlePresenter.swift; sourceTree = "<group>"; };
		834E31E02041F90400143C21 /* SignInView.swift */ = {isa = PBXFileReference; lastKnownFileType = sourcecode.swift; path = SignInView.swift; sourceTree = "<group>"; };
		834E31E22041FEE400143C21 /* SignedInView.swift */ = {isa = PBXFileReference; lastKnownFileType = sourcecode.swift; path = SignedInView.swift; sourceTree = "<group>"; };
		834E31E42042B9CC00143C21 /* PersistenceMiddleware.swift */ = {isa = PBXFileReference; lastKnownFileType = sourcecode.swift; path = PersistenceMiddleware.swift; sourceTree = "<group>"; };
		838F53BD917F73BCC9CD89A2 /* Pods-RxRedux.release.xcconfig */ = {isa = PBXFileReference; includeInIndex = 1; lastKnownFileType = text.xcconfig; name = "Pods-RxRedux.release.xcconfig"; path = "Pods/Target Support Files/Pods-RxRedux/Pods-RxRedux.release.xcconfig"; sourceTree = "<group>"; };
		83B2B6C5203C92F50042331B /* ExternalLinkRouter.swift */ = {isa = PBXFileReference; lastKnownFileType = sourcecode.swift; path = ExternalLinkRouter.swift; sourceTree = "<group>"; };
		83B2B6CA203C9ABD0042331B /* LoadIndicatingView.swift */ = {isa = PBXFileReference; lastKnownFileType = sourcecode.swift; path = LoadIndicatingView.swift; sourceTree = "<group>"; };
		83B2B6CC203C9B910042331B /* LoadingView.swift */ = {isa = PBXFileReference; lastKnownFileType = sourcecode.swift; path = LoadingView.swift; sourceTree = "<group>"; };
		83B2B6D1203CB8B60042331B /* ImageStateTests.swift */ = {isa = PBXFileReference; lastKnownFileType = sourcecode.swift; path = ImageStateTests.swift; sourceTree = "<group>"; };
		83B2B6D3203CBC0E0042331B /* ReducerTestCase.swift */ = {isa = PBXFileReference; lastKnownFileType = sourcecode.swift; path = ReducerTestCase.swift; sourceTree = "<group>"; };
		83C4037620350FF600138C77 /* CountViewControllerTests.swift */ = {isa = PBXFileReference; lastKnownFileType = sourcecode.swift; path = CountViewControllerTests.swift; sourceTree = "<group>"; };
		83C40378203512F000138C77 /* CountStateTests.swift */ = {isa = PBXFileReference; lastKnownFileType = sourcecode.swift; path = CountStateTests.swift; sourceTree = "<group>"; };
		83C4038A20370CD700138C77 /* AppState.swift */ = {isa = PBXFileReference; lastKnownFileType = sourcecode.swift; path = AppState.swift; sourceTree = "<group>"; };
		83C4038C20370DB900138C77 /* CountState.swift */ = {isa = PBXFileReference; lastKnownFileType = sourcecode.swift; path = CountState.swift; sourceTree = "<group>"; };
		83C4038E2037316D00138C77 /* XCTestCase+KIF.swift */ = {isa = PBXFileReference; lastKnownFileType = sourcecode.swift; path = "XCTestCase+KIF.swift"; sourceTree = "<group>"; };
		83C4039220374B6300138C77 /* ViewControllerTestCase.swift */ = {isa = PBXFileReference; lastKnownFileType = sourcecode.swift; path = ViewControllerTestCase.swift; sourceTree = "<group>"; };
		83D7F6AF20418D9C00E7D760 /* SignInActions.swift */ = {isa = PBXFileReference; fileEncoding = 4; lastKnownFileType = sourcecode.swift; path = SignInActions.swift; sourceTree = "<group>"; };
		83D7F6B020418D9C00E7D760 /* SignInState.swift */ = {isa = PBXFileReference; fileEncoding = 4; lastKnownFileType = sourcecode.swift; path = SignInState.swift; sourceTree = "<group>"; };
		83D7F6B120418D9C00E7D760 /* SignInError.swift */ = {isa = PBXFileReference; fileEncoding = 4; lastKnownFileType = sourcecode.swift; path = SignInError.swift; sourceTree = "<group>"; };
		83D7F6B220418D9C00E7D760 /* SignInViewModel.swift */ = {isa = PBXFileReference; fileEncoding = 4; lastKnownFileType = sourcecode.swift; path = SignInViewModel.swift; sourceTree = "<group>"; };
		83D7F6B320418D9C00E7D760 /* SignInViewController.swift */ = {isa = PBXFileReference; fileEncoding = 4; lastKnownFileType = sourcecode.swift; path = SignInViewController.swift; sourceTree = "<group>"; };
		83D7F6BF20418F5C00E7D760 /* SignedInUser.swift */ = {isa = PBXFileReference; fileEncoding = 4; lastKnownFileType = sourcecode.swift; path = SignedInUser.swift; sourceTree = "<group>"; };
		83D7F6C12041C1E900E7D760 /* SignInNavigationController.swift */ = {isa = PBXFileReference; lastKnownFileType = sourcecode.swift; path = SignInNavigationController.swift; sourceTree = "<group>"; };
		83D7F6C72041CAEB00E7D760 /* LocalizableTitle.swift */ = {isa = PBXFileReference; fileEncoding = 4; lastKnownFileType = sourcecode.swift; path = LocalizableTitle.swift; sourceTree = "<group>"; };
		83D7F6C92041CE1200E7D760 /* LocalizablePlaceholder.swift */ = {isa = PBXFileReference; lastKnownFileType = sourcecode.swift; path = LocalizablePlaceholder.swift; sourceTree = "<group>"; };
		83D7F6CB2041D36100E7D760 /* Localizable.swift */ = {isa = PBXFileReference; lastKnownFileType = sourcecode.swift; path = Localizable.swift; sourceTree = "<group>"; };
		83F9A31A2033A2A2002D4B5B /* RxRedux.app */ = {isa = PBXFileReference; explicitFileType = wrapper.application; includeInIndex = 0; path = RxRedux.app; sourceTree = BUILT_PRODUCTS_DIR; };
		83F9A31D2033A2A2002D4B5B /* AppDelegate.swift */ = {isa = PBXFileReference; lastKnownFileType = sourcecode.swift; path = AppDelegate.swift; sourceTree = "<group>"; };
		83F9A31F2033A2A2002D4B5B /* CountViewController.swift */ = {isa = PBXFileReference; lastKnownFileType = sourcecode.swift; path = CountViewController.swift; sourceTree = "<group>"; };
		83F9A3242033A2A2002D4B5B /* Assets.xcassets */ = {isa = PBXFileReference; lastKnownFileType = folder.assetcatalog; path = Assets.xcassets; sourceTree = "<group>"; };
		83F9A3272033A2A2002D4B5B /* Base */ = {isa = PBXFileReference; lastKnownFileType = file.storyboard; name = Base; path = Base.lproj/LaunchScreen.storyboard; sourceTree = "<group>"; };
		83F9A3292033A2A2002D4B5B /* Info.plist */ = {isa = PBXFileReference; lastKnownFileType = text.plist.xml; path = Info.plist; sourceTree = "<group>"; };
		83F9A32E2033A2A2002D4B5B /* RxReduxTests.xctest */ = {isa = PBXFileReference; explicitFileType = wrapper.cfbundle; includeInIndex = 0; path = RxReduxTests.xctest; sourceTree = BUILT_PRODUCTS_DIR; };
		83F9A3342033A2A2002D4B5B /* Info.plist */ = {isa = PBXFileReference; lastKnownFileType = text.plist.xml; path = Info.plist; sourceTree = "<group>"; };
		83F9A33D2033A2AD002D4B5B /* Store.swift */ = {isa = PBXFileReference; lastKnownFileType = sourcecode.swift; path = Store.swift; sourceTree = "<group>"; };
		83F9A33F2033A2E1002D4B5B /* StateType.swift */ = {isa = PBXFileReference; lastKnownFileType = sourcecode.swift; path = StateType.swift; sourceTree = "<group>"; };
		83F9A3412033A3ED002D4B5B /* Presenter.swift */ = {isa = PBXFileReference; lastKnownFileType = sourcecode.swift; path = Presenter.swift; sourceTree = "<group>"; };
		83F9A3432033A6D7002D4B5B /* Middleware.swift */ = {isa = PBXFileReference; lastKnownFileType = sourcecode.swift; path = Middleware.swift; sourceTree = "<group>"; };
		83F9A3452033A77A002D4B5B /* ActionType.swift */ = {isa = PBXFileReference; lastKnownFileType = sourcecode.swift; path = ActionType.swift; sourceTree = "<group>"; };
		B56EF77FB77CC13EA1756BB2 /* Pods_RxRedux.framework */ = {isa = PBXFileReference; explicitFileType = wrapper.framework; includeInIndex = 0; path = Pods_RxRedux.framework; sourceTree = BUILT_PRODUCTS_DIR; };
/* End PBXFileReference section */

/* Begin PBXFrameworksBuildPhase section */
		83F9A3172033A2A2002D4B5B /* Frameworks */ = {
			isa = PBXFrameworksBuildPhase;
			buildActionMask = 2147483647;
			files = (
				60230DF1083D915FC5E3B71E /* Pods_RxRedux.framework in Frameworks */,
			);
			runOnlyForDeploymentPostprocessing = 0;
		};
		83F9A32B2033A2A2002D4B5B /* Frameworks */ = {
			isa = PBXFrameworksBuildPhase;
			buildActionMask = 2147483647;
			files = (
				557EEE09CB8E3028CFBB6008 /* Pods_RxReduxTests.framework in Frameworks */,
			);
			runOnlyForDeploymentPostprocessing = 0;
		};
/* End PBXFrameworksBuildPhase section */

/* Begin PBXGroup section */
		8304A1562033C05D00E8BCF1 /* Common */ = {
			isa = PBXGroup;
			children = (
				8320D468203CD49F0032AA3A /* Api */,
				834117172038ABF500399D2C /* Behaviour */,
				830E6F79203763FD00441057 /* Extensions */,
				834A0EBC203AF519002A3FF1 /* Helpers */,
				8304A1582033C07E00E8BCF1 /* Middleware */,
				83B2B6C9203C98920042331B /* Routers */,
			);
			path = Common;
			sourceTree = "<group>";
		};
		8304A1572033C07100E8BCF1 /* Redux */ = {
			isa = PBXGroup;
			children = (
				83F9A3452033A77A002D4B5B /* ActionType.swift */,
				83F9A3432033A6D7002D4B5B /* Middleware.swift */,
				83F9A33F2033A2E1002D4B5B /* StateType.swift */,
				83F9A33D2033A2AD002D4B5B /* Store.swift */,
			);
			path = Redux;
			sourceTree = "<group>";
		};
		8304A1582033C07E00E8BCF1 /* Middleware */ = {
			isa = PBXGroup;
			children = (
				8304A1592033C08C00E8BCF1 /* LoggingMiddleware.swift */,
				834A0EE2203C6EAF002A3FF1 /* RoutingMiddleware.swift */,
				834E31E42042B9CC00143C21 /* PersistenceMiddleware.swift */,
			);
			path = Middleware;
			sourceTree = "<group>";
		};
		830E6F79203763FD00441057 /* Extensions */ = {
			isa = PBXGroup;
			children = (
				830E6F822037B0F100441057 /* Action+ActionType.swift */,
				830E6F802037895700441057 /* NSLocalizedString+Helper.swift */,
				834A0EDA203C685F002A3FF1 /* UIColor+RGB.swift */,
				830E6F7A2037641200441057 /* UIView+Accessibility.swift */,
				830E6F7E2037834300441057 /* UIView+SnapKit.swift */,
			);
			path = Extensions;
			sourceTree = "<group>";
		};
		831D02B6203AB9D400825ED1 /* Style */ = {
			isa = PBXGroup;
			children = (
				831D02BB203ABD4E00825ED1 /* StyleReducerTests.swift */,
				831D02B7203AB9EF00825ED1 /* StyleViewControllerTests.swift */,
			);
			path = Style;
			sourceTree = "<group>";
		};
		8320D468203CD49F0032AA3A /* Api */ = {
			isa = PBXGroup;
			children = (
				8320D46B203CD5F40032AA3A /* Api.swift */,
			);
			path = Api;
			sourceTree = "<group>";
		};
		834116FF203868F000399D2C /* Count */ = {
			isa = PBXGroup;
			children = (
				8304A1542033B71100E8BCF1 /* CountPresenter.swift */,
				83C4038C20370DB900138C77 /* CountState.swift */,
				83F9A31F2033A2A2002D4B5B /* CountViewController.swift */,
				831D02B0203AA4E500825ED1 /* CountNavigationController.swift */,
			);
			path = Count;
			sourceTree = "<group>";
		};
		834117002038691F00399D2C /* App */ = {
			isa = PBXGroup;
			children = (
				83F9A31D2033A2A2002D4B5B /* AppDelegate.swift */,
				83C4038A20370CD700138C77 /* AppState.swift */,
				834A0ECC203C3E7D002A3FF1 /* TabBarController.swift */,
			);
			path = App;
			sourceTree = "<group>";
		};
		834117012038693500399D2C /* Resources */ = {
			isa = PBXGroup;
			children = (
				83F9A3242033A2A2002D4B5B /* Assets.xcassets */,
				83F9A3262033A2A2002D4B5B /* LaunchScreen.storyboard */,
				83F9A3292033A2A2002D4B5B /* Info.plist */,
				830E6F78203760AC00441057 /* Localizable.strings */,
			);
			path = Resources;
			sourceTree = "<group>";
		};
		8341170220386BEA00399D2C /* Components */ = {
			isa = PBXGroup;
			children = (
				834117002038691F00399D2C /* App */,
				834116FF203868F000399D2C /* Count */,
				834A0EBF203B0482002A3FF1 /* Images */,
				834117062038928B00399D2C /* Language */,
				83D7F6AE20418D9C00E7D760 /* SignIn */,
				834117212038BC2D00399D2C /* Style */,
			);
			path = Components;
			sourceTree = "<group>";
		};
		8341170320386C9500399D2C /* Count */ = {
			isa = PBXGroup;
			children = (
				83C40378203512F000138C77 /* CountStateTests.swift */,
				83C4037620350FF600138C77 /* CountViewControllerTests.swift */,
			);
			path = Count;
			sourceTree = "<group>";
		};
		8341170420386C9900399D2C /* Components */ = {
			isa = PBXGroup;
			children = (
				8341170320386C9500399D2C /* Count */,
				83B2B6D0203CB89B0042331B /* Images */,
				83411732203A7E8400399D2C /* Language */,
				831D02B6203AB9D400825ED1 /* Style */,
			);
			path = Components;
			sourceTree = "<group>";
		};
		8341170520386CB400399D2C /* Resources */ = {
			isa = PBXGroup;
			children = (
				83F9A3342033A2A2002D4B5B /* Info.plist */,
			);
			path = Resources;
			sourceTree = "<group>";
		};
		834117062038928B00399D2C /* Language */ = {
			isa = PBXGroup;
			children = (
				8341171120389E0300399D2C /* LanguageMiddleware.swift */,
				834117092038955C00399D2C /* LanguagePresenter.swift */,
				834117072038929E00399D2C /* LanguageState.swift */,
				8341170F2038980800399D2C /* LanguageTableViewCell.swift */,
				8341170B2038971500399D2C /* LanguageViewController.swift */,
				831D02B4203AAAE200825ED1 /* LanguageNavigationController.swift */,
				8341172E2038DB6400399D2C /* Store+Language.swift */,
			);
			path = Language;
			sourceTree = "<group>";
		};
		834117172038ABF500399D2C /* Behaviour */ = {
			isa = PBXGroup;
			children = (
				83D7F6A9203D5ACA00E7D760 /* Presenter */,
				83D7F6A8203D5ABB00E7D760 /* View */,
			);
			path = Behaviour;
			sourceTree = "<group>";
		};
		834117212038BC2D00399D2C /* Style */ = {
			isa = PBXGroup;
			children = (
				834A0EE0203C68D5002A3FF1 /* Styles */,
				834A0EBA203AC25F002A3FF1 /* StyleMiddleware.swift */,
				834117242038BC8B00399D2C /* StylePresenter.swift */,
				834117282038BCE100399D2C /* StyleState.swift */,
				834117262038BCBB00399D2C /* StyleTableViewCell.swift */,
				834117222038BC2D00399D2C /* StyleViewController.swift */,
				831D02B9203ABA9400825ED1 /* StyleNavigationController.swift */,
			);
			path = Style;
			sourceTree = "<group>";
		};
		83411732203A7E8400399D2C /* Language */ = {
			isa = PBXGroup;
			children = (
				83411730203A7E8000399D2C /* LanguageStateTests.swift */,
				83411737203A834400399D2C /* LanguageViewControllerTests.swift */,
			);
			path = Language;
			sourceTree = "<group>";
		};
		834A0EBC203AF519002A3FF1 /* Helpers */ = {
			isa = PBXGroup;
			children = (
				834A0EBD203AF526002A3FF1 /* Progress.swift */,
			);
			path = Helpers;
			sourceTree = "<group>";
		};
		834A0EBF203B0482002A3FF1 /* Images */ = {
			isa = PBXGroup;
			children = (
				834A0ED2203C55F1002A3FF1 /* ImageApi.swift */,
				834A0EC4203B05F5002A3FF1 /* ImageSearchPresenter.swift */,
				834A0EC8203B54D0002A3FF1 /* ImageSearchCollectionViewCell.swift */,
				834A0ECA203B7639002A3FF1 /* ImageSearchCollectionViewDataSource.swift */,
				834A0EC0203B0497002A3FF1 /* ImageSearchViewController.swift */,
				834A0EC2203B05BA002A3FF1 /* ImageSearchNavigationController.swift */,
				834A0EC6203B189B002A3FF1 /* ImageState.swift */,
				834A0EE6203C7174002A3FF1 /* ImagePresenter.swift */,
				834A0EE4203C716C002A3FF1 /* ImageViewController.swift */,
			);
			path = Images;
			sourceTree = "<group>";
		};
		834A0EE0203C68D5002A3FF1 /* Styles */ = {
			isa = PBXGroup;
			children = (
				834A0EDC203C6878002A3FF1 /* Style.swift */,
				834A0ED8203C6839002A3FF1 /* BlueStyle.swift */,
				834A0ED6203C6823002A3FF1 /* GreenStyle.swift */,
			);
			path = Styles;
			sourceTree = "<group>";
		};
		83B2B6C9203C98920042331B /* Routers */ = {
			isa = PBXGroup;
			children = (
				83B2B6C5203C92F50042331B /* ExternalLinkRouter.swift */,
			);
			path = Routers;
			sourceTree = "<group>";
		};
		83B2B6CE203CA10D0042331B /* Example */ = {
			isa = PBXGroup;
			children = (
				8341170220386BEA00399D2C /* Components */,
				8304A1562033C05D00E8BCF1 /* Common */,
				834117012038693500399D2C /* Resources */,
			);
			path = Example;
			sourceTree = "<group>";
		};
		83B2B6CF203CA11A0042331B /* Example */ = {
			isa = PBXGroup;
			children = (
				8341170420386C9900399D2C /* Components */,
				83C4039420375B5A00138C77 /* Common */,
			);
			path = Example;
			sourceTree = "<group>";
		};
		83B2B6D0203CB89B0042331B /* Images */ = {
			isa = PBXGroup;
			children = (
				8320D46D203CE09E0032AA3A /* ImageSearchActionCreatorTests.swift */,
				83B2B6D1203CB8B60042331B /* ImageStateTests.swift */,
			);
			path = Images;
			sourceTree = "<group>";
		};
		83C4039420375B5A00138C77 /* Common */ = {
			isa = PBXGroup;
			children = (
				83411734203A7FFF00399D2C /* Mock.swift */,
				831D02B2203AA97300825ED1 /* MockUserDefaults.swift */,
				83411733203A7FFF00399D2C /* Spy.swift */,
				83B2B6D3203CBC0E0042331B /* ReducerTestCase.swift */,
				83C4039220374B6300138C77 /* ViewControllerTestCase.swift */,
				83C4038E2037316D00138C77 /* XCTestCase+KIF.swift */,
			);
			path = Common;
			sourceTree = "<group>";
		};
		83D7F6A8203D5ABB00E7D760 /* View */ = {
			isa = PBXGroup;
			children = (
				8341170D203897E700399D2C /* Identifiable.swift */,
				83D7F6CB2041D36100E7D760 /* Localizable.swift */,
				83D7F6C92041CE1200E7D760 /* LocalizablePlaceholder.swift */,
				83D7F6C72041CAEB00E7D760 /* LocalizableTitle.swift */,
				83B2B6CC203C9B910042331B /* LoadingView.swift */,
				83B2B6CA203C9ABD0042331B /* LoadIndicatingView.swift */,
				834117152038ABA400399D2C /* TabTitlableView.swift */,
				834117132038AAD300399D2C /* TitlableView.swift */,
			);
			path = View;
			sourceTree = "<group>";
		};
		83D7F6A9203D5ACA00E7D760 /* Presenter */ = {
			isa = PBXGroup;
			children = (
				83F9A3412033A3ED002D4B5B /* Presenter.swift */,
				8341171A2038AD6200399D2C /* LocalizableTabTitlePresenter.swift */,
				834A0EE8203C7E08002A3FF1 /* LocalizableTitlePresenter.swift */,
			);
			path = Presenter;
			sourceTree = "<group>";
		};
		83D7F6AE20418D9C00E7D760 /* SignIn */ = {
			isa = PBXGroup;
			children = (
				83D7F6BF20418F5C00E7D760 /* SignedInUser.swift */,
				83D7F6AF20418D9C00E7D760 /* SignInActions.swift */,
				83D7F6B120418D9C00E7D760 /* SignInError.swift */,
				83D7F6C12041C1E900E7D760 /* SignInNavigationController.swift */,
				83D7F6B020418D9C00E7D760 /* SignInState.swift */,
				83D7F6B320418D9C00E7D760 /* SignInViewController.swift */,
				83D7F6B220418D9C00E7D760 /* SignInViewModel.swift */,
				834E31E02041F90400143C21 /* SignInView.swift */,
				834E31E22041FEE400143C21 /* SignedInView.swift */,
			);
			path = SignIn;
			sourceTree = "<group>";
		};
		83F9A3112033A2A2002D4B5B = {
			isa = PBXGroup;
			children = (
				83F9A31C2033A2A2002D4B5B /* RxRedux */,
				83F9A3312033A2A2002D4B5B /* RxReduxTests */,
				83F9A31B2033A2A2002D4B5B /* Products */,
				8DB159DED2A3F6621C0E298F /* Pods */,
				FA38642C9A414B6186DC1AA6 /* Frameworks */,
			);
			sourceTree = "<group>";
		};
		83F9A31B2033A2A2002D4B5B /* Products */ = {
			isa = PBXGroup;
			children = (
				83F9A31A2033A2A2002D4B5B /* RxRedux.app */,
				83F9A32E2033A2A2002D4B5B /* RxReduxTests.xctest */,
			);
			name = Products;
			sourceTree = "<group>";
		};
		83F9A31C2033A2A2002D4B5B /* RxRedux */ = {
			isa = PBXGroup;
			children = (
				8304A1572033C07100E8BCF1 /* Redux */,
				83B2B6CE203CA10D0042331B /* Example */,
			);
			path = RxRedux;
			sourceTree = "<group>";
		};
		83F9A3312033A2A2002D4B5B /* RxReduxTests */ = {
			isa = PBXGroup;
			children = (
				83B2B6CF203CA11A0042331B /* Example */,
				8341170520386CB400399D2C /* Resources */,
			);
			path = RxReduxTests;
			sourceTree = "<group>";
		};
		8DB159DED2A3F6621C0E298F /* Pods */ = {
			isa = PBXGroup;
			children = (
				822C7CAEA800E26C1B42746C /* Pods-RxRedux.debug.xcconfig */,
				838F53BD917F73BCC9CD89A2 /* Pods-RxRedux.release.xcconfig */,
				07B64CB9E7C5981129CB98A8 /* Pods-RxReduxTests.debug.xcconfig */,
				0815053FC80BE69B512DCB99 /* Pods-RxReduxTests.release.xcconfig */,
				827719A3DDB52CCE167C06F9 /* Pods-RxReduxUITests.debug.xcconfig */,
				74F0BC92FF9CE12632E4FAD2 /* Pods-RxReduxUITests.release.xcconfig */,
			);
			name = Pods;
			sourceTree = "<group>";
		};
		FA38642C9A414B6186DC1AA6 /* Frameworks */ = {
			isa = PBXGroup;
			children = (
				B56EF77FB77CC13EA1756BB2 /* Pods_RxRedux.framework */,
				1FEAEF41EA1F430FBF861D12 /* Pods_RxReduxTests.framework */,
				1625978E2F618371DCBDCBB2 /* Pods_RxReduxUITests.framework */,
			);
			name = Frameworks;
			sourceTree = "<group>";
		};
/* End PBXGroup section */

/* Begin PBXNativeTarget section */
		83F9A3192033A2A2002D4B5B /* RxRedux */ = {
			isa = PBXNativeTarget;
			buildConfigurationList = 83F9A3372033A2A2002D4B5B /* Build configuration list for PBXNativeTarget "RxRedux" */;
			buildPhases = (
				65587EAC4EC837B98A6ABE1C /* [CP] Check Pods Manifest.lock */,
				83F9A3162033A2A2002D4B5B /* Sources */,
				83F9A3172033A2A2002D4B5B /* Frameworks */,
				83F9A3182033A2A2002D4B5B /* Resources */,
				EFB93EFB2E43629CD67668C0 /* [CP] Embed Pods Frameworks */,
				317A6E07982165AA0B66F91B /* [CP] Copy Pods Resources */,
			);
			buildRules = (
			);
			dependencies = (
			);
			name = RxRedux;
			productName = RxRedux;
			productReference = 83F9A31A2033A2A2002D4B5B /* RxRedux.app */;
			productType = "com.apple.product-type.application";
		};
		83F9A32D2033A2A2002D4B5B /* RxReduxTests */ = {
			isa = PBXNativeTarget;
			buildConfigurationList = 83F9A33A2033A2A2002D4B5B /* Build configuration list for PBXNativeTarget "RxReduxTests" */;
			buildPhases = (
				95B6A90F29AC36AF48B98911 /* [CP] Check Pods Manifest.lock */,
				83F9A32A2033A2A2002D4B5B /* Sources */,
				83F9A32B2033A2A2002D4B5B /* Frameworks */,
				83F9A32C2033A2A2002D4B5B /* Resources */,
				AE84CD402E680925FE6565DA /* [CP] Embed Pods Frameworks */,
				60C6DE2174948AB193F745CC /* [CP] Copy Pods Resources */,
			);
			buildRules = (
			);
			dependencies = (
				83F9A3302033A2A2002D4B5B /* PBXTargetDependency */,
			);
			name = RxReduxTests;
			productName = RxReduxTests;
			productReference = 83F9A32E2033A2A2002D4B5B /* RxReduxTests.xctest */;
			productType = "com.apple.product-type.bundle.unit-test";
		};
/* End PBXNativeTarget section */

/* Begin PBXProject section */
		83F9A3122033A2A2002D4B5B /* Project object */ = {
			isa = PBXProject;
			attributes = {
				LastSwiftUpdateCheck = 0920;
				LastUpgradeCheck = 0920;
				ORGANIZATIONNAME = "Chris Nevin";
				TargetAttributes = {
					83F9A3192033A2A2002D4B5B = {
						CreatedOnToolsVersion = 9.2;
						ProvisioningStyle = Automatic;
					};
					83F9A32D2033A2A2002D4B5B = {
						CreatedOnToolsVersion = 9.2;
						ProvisioningStyle = Automatic;
						TestTargetID = 83F9A3192033A2A2002D4B5B;
					};
				};
			};
			buildConfigurationList = 83F9A3152033A2A2002D4B5B /* Build configuration list for PBXProject "RxRedux" */;
			compatibilityVersion = "Xcode 8.0";
			developmentRegion = en;
			hasScannedForEncodings = 0;
			knownRegions = (
				en,
				Base,
				fr,
				ja,
			);
			mainGroup = 83F9A3112033A2A2002D4B5B;
			productRefGroup = 83F9A31B2033A2A2002D4B5B /* Products */;
			projectDirPath = "";
			projectRoot = "";
			targets = (
				83F9A3192033A2A2002D4B5B /* RxRedux */,
				83F9A32D2033A2A2002D4B5B /* RxReduxTests */,
			);
		};
/* End PBXProject section */

/* Begin PBXResourcesBuildPhase section */
		83F9A3182033A2A2002D4B5B /* Resources */ = {
			isa = PBXResourcesBuildPhase;
			buildActionMask = 2147483647;
			files = (
				83F9A3282033A2A2002D4B5B /* LaunchScreen.storyboard in Resources */,
				830E6F76203760AC00441057 /* Localizable.strings in Resources */,
				83F9A3252033A2A2002D4B5B /* Assets.xcassets in Resources */,
			);
			runOnlyForDeploymentPostprocessing = 0;
		};
		83F9A32C2033A2A2002D4B5B /* Resources */ = {
			isa = PBXResourcesBuildPhase;
			buildActionMask = 2147483647;
			files = (
			);
			runOnlyForDeploymentPostprocessing = 0;
		};
/* End PBXResourcesBuildPhase section */

/* Begin PBXShellScriptBuildPhase section */
		317A6E07982165AA0B66F91B /* [CP] Copy Pods Resources */ = {
			isa = PBXShellScriptBuildPhase;
			buildActionMask = 2147483647;
			files = (
			);
			inputPaths = (
			);
			name = "[CP] Copy Pods Resources";
			outputPaths = (
			);
			runOnlyForDeploymentPostprocessing = 0;
			shellPath = /bin/sh;
			shellScript = "\"${SRCROOT}/Pods/Target Support Files/Pods-RxRedux/Pods-RxRedux-resources.sh\"\n";
			showEnvVarsInLog = 0;
		};
		60C6DE2174948AB193F745CC /* [CP] Copy Pods Resources */ = {
			isa = PBXShellScriptBuildPhase;
			buildActionMask = 2147483647;
			files = (
			);
			inputPaths = (
			);
			name = "[CP] Copy Pods Resources";
			outputPaths = (
			);
			runOnlyForDeploymentPostprocessing = 0;
			shellPath = /bin/sh;
			shellScript = "\"${SRCROOT}/Pods/Target Support Files/Pods-RxReduxTests/Pods-RxReduxTests-resources.sh\"\n";
			showEnvVarsInLog = 0;
		};
		65587EAC4EC837B98A6ABE1C /* [CP] Check Pods Manifest.lock */ = {
			isa = PBXShellScriptBuildPhase;
			buildActionMask = 2147483647;
			files = (
			);
			inputPaths = (
				"${PODS_PODFILE_DIR_PATH}/Podfile.lock",
				"${PODS_ROOT}/Manifest.lock",
			);
			name = "[CP] Check Pods Manifest.lock";
			outputPaths = (
				"$(DERIVED_FILE_DIR)/Pods-RxRedux-checkManifestLockResult.txt",
			);
			runOnlyForDeploymentPostprocessing = 0;
			shellPath = /bin/sh;
			shellScript = "diff \"${PODS_PODFILE_DIR_PATH}/Podfile.lock\" \"${PODS_ROOT}/Manifest.lock\" > /dev/null\nif [ $? != 0 ] ; then\n    # print error to STDERR\n    echo \"error: The sandbox is not in sync with the Podfile.lock. Run 'pod install' or update your CocoaPods installation.\" >&2\n    exit 1\nfi\n# This output is used by Xcode 'outputs' to avoid re-running this script phase.\necho \"SUCCESS\" > \"${SCRIPT_OUTPUT_FILE_0}\"\n";
			showEnvVarsInLog = 0;
		};
		95B6A90F29AC36AF48B98911 /* [CP] Check Pods Manifest.lock */ = {
			isa = PBXShellScriptBuildPhase;
			buildActionMask = 2147483647;
			files = (
			);
			inputPaths = (
				"${PODS_PODFILE_DIR_PATH}/Podfile.lock",
				"${PODS_ROOT}/Manifest.lock",
			);
			name = "[CP] Check Pods Manifest.lock";
			outputPaths = (
				"$(DERIVED_FILE_DIR)/Pods-RxReduxTests-checkManifestLockResult.txt",
			);
			runOnlyForDeploymentPostprocessing = 0;
			shellPath = /bin/sh;
			shellScript = "diff \"${PODS_PODFILE_DIR_PATH}/Podfile.lock\" \"${PODS_ROOT}/Manifest.lock\" > /dev/null\nif [ $? != 0 ] ; then\n    # print error to STDERR\n    echo \"error: The sandbox is not in sync with the Podfile.lock. Run 'pod install' or update your CocoaPods installation.\" >&2\n    exit 1\nfi\n# This output is used by Xcode 'outputs' to avoid re-running this script phase.\necho \"SUCCESS\" > \"${SCRIPT_OUTPUT_FILE_0}\"\n";
			showEnvVarsInLog = 0;
		};
		AE84CD402E680925FE6565DA /* [CP] Embed Pods Frameworks */ = {
			isa = PBXShellScriptBuildPhase;
			buildActionMask = 2147483647;
			files = (
			);
			inputPaths = (
				"${SRCROOT}/Pods/Target Support Files/Pods-RxReduxTests/Pods-RxReduxTests-frameworks.sh",
				"${BUILT_PRODUCTS_DIR}/RxSwift/RxSwift.framework",
				"${BUILT_PRODUCTS_DIR}/FBSnapshotTestCase/FBSnapshotTestCase.framework",
				"${BUILT_PRODUCTS_DIR}/KIF/KIF.framework",
				"${BUILT_PRODUCTS_DIR}/Nimble/Nimble.framework",
				"${BUILT_PRODUCTS_DIR}/Nimble-Snapshots/Nimble_Snapshots.framework",
				"${BUILT_PRODUCTS_DIR}/RxBlocking/RxBlocking.framework",
				"${BUILT_PRODUCTS_DIR}/RxNimble/RxNimble.framework",
			);
			name = "[CP] Embed Pods Frameworks";
			outputPaths = (
				"${TARGET_BUILD_DIR}/${FRAMEWORKS_FOLDER_PATH}/RxSwift.framework",
				"${TARGET_BUILD_DIR}/${FRAMEWORKS_FOLDER_PATH}/FBSnapshotTestCase.framework",
				"${TARGET_BUILD_DIR}/${FRAMEWORKS_FOLDER_PATH}/KIF.framework",
				"${TARGET_BUILD_DIR}/${FRAMEWORKS_FOLDER_PATH}/Nimble.framework",
				"${TARGET_BUILD_DIR}/${FRAMEWORKS_FOLDER_PATH}/Nimble_Snapshots.framework",
				"${TARGET_BUILD_DIR}/${FRAMEWORKS_FOLDER_PATH}/RxBlocking.framework",
				"${TARGET_BUILD_DIR}/${FRAMEWORKS_FOLDER_PATH}/RxNimble.framework",
			);
			runOnlyForDeploymentPostprocessing = 0;
			shellPath = /bin/sh;
			shellScript = "\"${SRCROOT}/Pods/Target Support Files/Pods-RxReduxTests/Pods-RxReduxTests-frameworks.sh\"\n";
			showEnvVarsInLog = 0;
		};
		EFB93EFB2E43629CD67668C0 /* [CP] Embed Pods Frameworks */ = {
			isa = PBXShellScriptBuildPhase;
			buildActionMask = 2147483647;
			files = (
			);
			inputPaths = (
				"${SRCROOT}/Pods/Target Support Files/Pods-RxRedux/Pods-RxRedux-frameworks.sh",
				"${BUILT_PRODUCTS_DIR}/Action/Action.framework",
				"${BUILT_PRODUCTS_DIR}/Localize-Swift/Localize_Swift.framework",
				"${BUILT_PRODUCTS_DIR}/Networking/Networking.framework",
				"${BUILT_PRODUCTS_DIR}/RxCocoa/RxCocoa.framework",
				"${BUILT_PRODUCTS_DIR}/RxSwift/RxSwift.framework",
				"${BUILT_PRODUCTS_DIR}/SnapKit/SnapKit.framework",
			);
			name = "[CP] Embed Pods Frameworks";
			outputPaths = (
				"${TARGET_BUILD_DIR}/${FRAMEWORKS_FOLDER_PATH}/Action.framework",
				"${TARGET_BUILD_DIR}/${FRAMEWORKS_FOLDER_PATH}/Localize_Swift.framework",
				"${TARGET_BUILD_DIR}/${FRAMEWORKS_FOLDER_PATH}/Networking.framework",
				"${TARGET_BUILD_DIR}/${FRAMEWORKS_FOLDER_PATH}/RxCocoa.framework",
				"${TARGET_BUILD_DIR}/${FRAMEWORKS_FOLDER_PATH}/RxSwift.framework",
				"${TARGET_BUILD_DIR}/${FRAMEWORKS_FOLDER_PATH}/SnapKit.framework",
			);
			runOnlyForDeploymentPostprocessing = 0;
			shellPath = /bin/sh;
			shellScript = "\"${SRCROOT}/Pods/Target Support Files/Pods-RxRedux/Pods-RxRedux-frameworks.sh\"\n";
			showEnvVarsInLog = 0;
		};
/* End PBXShellScriptBuildPhase section */

/* Begin PBXSourcesBuildPhase section */
		83F9A3162033A2A2002D4B5B /* Sources */ = {
			isa = PBXSourcesBuildPhase;
			buildActionMask = 2147483647;
			files = (
				83D7F6C22041C1E900E7D760 /* SignInNavigationController.swift in Sources */,
				834A0EDB203C685F002A3FF1 /* UIColor+RGB.swift in Sources */,
				8304A1552033B71100E8BCF1 /* CountPresenter.swift in Sources */,
				834A0ED7203C6823002A3FF1 /* GreenStyle.swift in Sources */,
				8320D46C203CD5F40032AA3A /* Api.swift in Sources */,
				834117142038AAD300399D2C /* TitlableView.swift in Sources */,
				834117232038BC2D00399D2C /* StyleViewController.swift in Sources */,
				83B2B6C6203C92F50042331B /* ExternalLinkRouter.swift in Sources */,
				83D7F6B520418D9C00E7D760 /* SignInActions.swift in Sources */,
				83D7F6B920418D9C00E7D760 /* SignInViewController.swift in Sources */,
				834117252038BC8B00399D2C /* StylePresenter.swift in Sources */,
				83F9A33E2033A2AD002D4B5B /* Store.swift in Sources */,
				834A0EDD203C6878002A3FF1 /* Style.swift in Sources */,
				834E31E32041FEE400143C21 /* SignedInView.swift in Sources */,
				834117292038BCE100399D2C /* StyleState.swift in Sources */,
				834117162038ABA400399D2C /* TabTitlableView.swift in Sources */,
				83F9A3202033A2A2002D4B5B /* CountViewController.swift in Sources */,
				834A0EE3203C6EAF002A3FF1 /* RoutingMiddleware.swift in Sources */,
				834A0EC3203B05BA002A3FF1 /* ImageSearchNavigationController.swift in Sources */,
				831D02BA203ABA9400825ED1 /* StyleNavigationController.swift in Sources */,
				83C4038D20370DB900138C77 /* CountState.swift in Sources */,
				8341172F2038DB6400399D2C /* Store+Language.swift in Sources */,
				83D7F6CC2041D36100E7D760 /* Localizable.swift in Sources */,
				83F9A3402033A2E1002D4B5B /* StateType.swift in Sources */,
				834117102038980800399D2C /* LanguageTableViewCell.swift in Sources */,
				831D02B5203AAAE200825ED1 /* LanguageNavigationController.swift in Sources */,
				834A0ECB203B7639002A3FF1 /* ImageSearchCollectionViewDataSource.swift in Sources */,
				834117082038929E00399D2C /* LanguageState.swift in Sources */,
				83C4038B20370CD700138C77 /* AppState.swift in Sources */,
				83F9A3442033A6D7002D4B5B /* Middleware.swift in Sources */,
				830E6F832037B0F100441057 /* Action+ActionType.swift in Sources */,
				834A0ED9203C6839002A3FF1 /* BlueStyle.swift in Sources */,
				834A0EE9203C7E09002A3FF1 /* LocalizableTitlePresenter.swift in Sources */,
				834A0EC1203B0497002A3FF1 /* ImageSearchViewController.swift in Sources */,
				834A0EC7203B189B002A3FF1 /* ImageState.swift in Sources */,
				8341170A2038955C00399D2C /* LanguagePresenter.swift in Sources */,
				834A0EE7203C7174002A3FF1 /* ImagePresenter.swift in Sources */,
				83D7F6B820418D9C00E7D760 /* SignInViewModel.swift in Sources */,
				83B2B6CB203C9ABD0042331B /* LoadIndicatingView.swift in Sources */,
				83F9A31E2033A2A2002D4B5B /* AppDelegate.swift in Sources */,
				834E31E52042B9CC00143C21 /* PersistenceMiddleware.swift in Sources */,
				8304A15A2033C08C00E8BCF1 /* LoggingMiddleware.swift in Sources */,
				83D7F6C020418F5C00E7D760 /* SignedInUser.swift in Sources */,
				83B2B6CD203C9B910042331B /* LoadingView.swift in Sources */,
				8341170E203897E700399D2C /* Identifiable.swift in Sources */,
				834A0EE5203C716C002A3FF1 /* ImageViewController.swift in Sources */,
				83D7F6C82041CAEB00E7D760 /* LocalizableTitle.swift in Sources */,
				8341171B2038AD6200399D2C /* LocalizableTabTitlePresenter.swift in Sources */,
				83F9A3422033A3ED002D4B5B /* Presenter.swift in Sources */,
				834E31E12041F90400143C21 /* SignInView.swift in Sources */,
				831D02B1203AA4E500825ED1 /* CountNavigationController.swift in Sources */,
				83F9A3462033A77A002D4B5B /* ActionType.swift in Sources */,
				830E6F812037895700441057 /* NSLocalizedString+Helper.swift in Sources */,
				834A0EBB203AC25F002A3FF1 /* StyleMiddleware.swift in Sources */,
				830E6F7F2037834300441057 /* UIView+SnapKit.swift in Sources */,
				834A0EC5203B05F5002A3FF1 /* ImageSearchPresenter.swift in Sources */,
				83D7F6B720418D9C00E7D760 /* SignInError.swift in Sources */,
				8341170C2038971500399D2C /* LanguageViewController.swift in Sources */,
				83D7F6CA2041CE1200E7D760 /* LocalizablePlaceholder.swift in Sources */,
				834A0EBE203AF526002A3FF1 /* Progress.swift in Sources */,
				830E6F7B2037641200441057 /* UIView+Accessibility.swift in Sources */,
				83D7F6B620418D9C00E7D760 /* SignInState.swift in Sources */,
				8341171220389E0300399D2C /* LanguageMiddleware.swift in Sources */,
				834A0ECD203C3E7D002A3FF1 /* TabBarController.swift in Sources */,
				834A0ED3203C55F1002A3FF1 /* ImageApi.swift in Sources */,
				834A0EC9203B54D0002A3FF1 /* ImageSearchCollectionViewCell.swift in Sources */,
				834117272038BCBB00399D2C /* StyleTableViewCell.swift in Sources */,
			);
			runOnlyForDeploymentPostprocessing = 0;
		};
		83F9A32A2033A2A2002D4B5B /* Sources */ = {
			isa = PBXSourcesBuildPhase;
			buildActionMask = 2147483647;
			files = (
				83C40379203512F000138C77 /* CountStateTests.swift in Sources */,
				83411731203A7E8000399D2C /* LanguageStateTests.swift in Sources */,
				83411735203A7FFF00399D2C /* Spy.swift in Sources */,
				83411736203A7FFF00399D2C /* Mock.swift in Sources */,
				83C403892035185A00138C77 /* CountViewControllerTests.swift in Sources */,
				831D02BC203ABD4E00825ED1 /* StyleReducerTests.swift in Sources */,
				83B2B6D2203CB8B60042331B /* ImageStateTests.swift in Sources */,
				831D02B3203AA97300825ED1 /* MockUserDefaults.swift in Sources */,
				831D02B8203AB9EF00825ED1 /* StyleViewControllerTests.swift in Sources */,
				83C4039320374B6300138C77 /* ViewControllerTestCase.swift in Sources */,
				83411738203A834400399D2C /* LanguageViewControllerTests.swift in Sources */,
				83B2B6D4203CBC0E0042331B /* ReducerTestCase.swift in Sources */,
				8320D46E203CE09E0032AA3A /* ImageSearchActionCreatorTests.swift in Sources */,
				83C4038F2037316D00138C77 /* XCTestCase+KIF.swift in Sources */,
			);
			runOnlyForDeploymentPostprocessing = 0;
		};
/* End PBXSourcesBuildPhase section */

/* Begin PBXTargetDependency section */
		83F9A3302033A2A2002D4B5B /* PBXTargetDependency */ = {
			isa = PBXTargetDependency;
			target = 83F9A3192033A2A2002D4B5B /* RxRedux */;
			targetProxy = 83F9A32F2033A2A2002D4B5B /* PBXContainerItemProxy */;
		};
/* End PBXTargetDependency section */

/* Begin PBXVariantGroup section */
		830E6F78203760AC00441057 /* Localizable.strings */ = {
			isa = PBXVariantGroup;
			children = (
				830E6F77203760AC00441057 /* en */,
				830E6F842037B16C00441057 /* fr */,
				8341171E2038B6D400399D2C /* ja */,
			);
			name = Localizable.strings;
			sourceTree = "<group>";
		};
		83F9A3262033A2A2002D4B5B /* LaunchScreen.storyboard */ = {
			isa = PBXVariantGroup;
			children = (
				83F9A3272033A2A2002D4B5B /* Base */,
			);
			name = LaunchScreen.storyboard;
			sourceTree = "<group>";
		};
/* End PBXVariantGroup section */

/* Begin XCBuildConfiguration section */
		83F9A3352033A2A2002D4B5B /* Debug */ = {
			isa = XCBuildConfiguration;
			buildSettings = {
				ALWAYS_SEARCH_USER_PATHS = NO;
				CLANG_ANALYZER_LOCALIZABILITY_NONLOCALIZED = YES;
				CLANG_ANALYZER_NONNULL = YES;
				CLANG_ANALYZER_NUMBER_OBJECT_CONVERSION = YES_AGGRESSIVE;
				CLANG_CXX_LANGUAGE_STANDARD = "gnu++14";
				CLANG_CXX_LIBRARY = "libc++";
				CLANG_ENABLE_MODULES = YES;
				CLANG_ENABLE_OBJC_ARC = YES;
				CLANG_WARN_BLOCK_CAPTURE_AUTORELEASING = YES;
				CLANG_WARN_BOOL_CONVERSION = YES;
				CLANG_WARN_COMMA = YES;
				CLANG_WARN_CONSTANT_CONVERSION = YES;
				CLANG_WARN_DIRECT_OBJC_ISA_USAGE = YES_ERROR;
				CLANG_WARN_DOCUMENTATION_COMMENTS = YES;
				CLANG_WARN_EMPTY_BODY = YES;
				CLANG_WARN_ENUM_CONVERSION = YES;
				CLANG_WARN_INFINITE_RECURSION = YES;
				CLANG_WARN_INT_CONVERSION = YES;
				CLANG_WARN_NON_LITERAL_NULL_CONVERSION = YES;
				CLANG_WARN_OBJC_LITERAL_CONVERSION = YES;
				CLANG_WARN_OBJC_ROOT_CLASS = YES_ERROR;
				CLANG_WARN_RANGE_LOOP_ANALYSIS = YES;
				CLANG_WARN_STRICT_PROTOTYPES = YES;
				CLANG_WARN_SUSPICIOUS_MOVE = YES;
				CLANG_WARN_UNGUARDED_AVAILABILITY = YES_AGGRESSIVE;
				CLANG_WARN_UNREACHABLE_CODE = YES;
				CLANG_WARN__DUPLICATE_METHOD_MATCH = YES;
				CODE_SIGN_IDENTITY = "iPhone Developer";
				COPY_PHASE_STRIP = NO;
				DEBUG_INFORMATION_FORMAT = dwarf;
				ENABLE_STRICT_OBJC_MSGSEND = YES;
				ENABLE_TESTABILITY = YES;
				GCC_C_LANGUAGE_STANDARD = gnu11;
				GCC_DYNAMIC_NO_PIC = NO;
				GCC_NO_COMMON_BLOCKS = YES;
				GCC_OPTIMIZATION_LEVEL = 0;
				GCC_PREPROCESSOR_DEFINITIONS = (
					"DEBUG=1",
					"$(inherited)",
				);
				GCC_WARN_64_TO_32_BIT_CONVERSION = YES;
				GCC_WARN_ABOUT_RETURN_TYPE = YES_ERROR;
				GCC_WARN_UNDECLARED_SELECTOR = YES;
				GCC_WARN_UNINITIALIZED_AUTOS = YES_AGGRESSIVE;
				GCC_WARN_UNUSED_FUNCTION = YES;
				GCC_WARN_UNUSED_VARIABLE = YES;
				IPHONEOS_DEPLOYMENT_TARGET = 11.2;
				MTL_ENABLE_DEBUG_INFO = YES;
				ONLY_ACTIVE_ARCH = YES;
				SDKROOT = iphoneos;
				SWIFT_ACTIVE_COMPILATION_CONDITIONS = DEBUG;
				SWIFT_OPTIMIZATION_LEVEL = "-Onone";
			};
			name = Debug;
		};
		83F9A3362033A2A2002D4B5B /* Release */ = {
			isa = XCBuildConfiguration;
			buildSettings = {
				ALWAYS_SEARCH_USER_PATHS = NO;
				CLANG_ANALYZER_LOCALIZABILITY_NONLOCALIZED = YES;
				CLANG_ANALYZER_NONNULL = YES;
				CLANG_ANALYZER_NUMBER_OBJECT_CONVERSION = YES_AGGRESSIVE;
				CLANG_CXX_LANGUAGE_STANDARD = "gnu++14";
				CLANG_CXX_LIBRARY = "libc++";
				CLANG_ENABLE_MODULES = YES;
				CLANG_ENABLE_OBJC_ARC = YES;
				CLANG_WARN_BLOCK_CAPTURE_AUTORELEASING = YES;
				CLANG_WARN_BOOL_CONVERSION = YES;
				CLANG_WARN_COMMA = YES;
				CLANG_WARN_CONSTANT_CONVERSION = YES;
				CLANG_WARN_DIRECT_OBJC_ISA_USAGE = YES_ERROR;
				CLANG_WARN_DOCUMENTATION_COMMENTS = YES;
				CLANG_WARN_EMPTY_BODY = YES;
				CLANG_WARN_ENUM_CONVERSION = YES;
				CLANG_WARN_INFINITE_RECURSION = YES;
				CLANG_WARN_INT_CONVERSION = YES;
				CLANG_WARN_NON_LITERAL_NULL_CONVERSION = YES;
				CLANG_WARN_OBJC_LITERAL_CONVERSION = YES;
				CLANG_WARN_OBJC_ROOT_CLASS = YES_ERROR;
				CLANG_WARN_RANGE_LOOP_ANALYSIS = YES;
				CLANG_WARN_STRICT_PROTOTYPES = YES;
				CLANG_WARN_SUSPICIOUS_MOVE = YES;
				CLANG_WARN_UNGUARDED_AVAILABILITY = YES_AGGRESSIVE;
				CLANG_WARN_UNREACHABLE_CODE = YES;
				CLANG_WARN__DUPLICATE_METHOD_MATCH = YES;
				CODE_SIGN_IDENTITY = "iPhone Developer";
				COPY_PHASE_STRIP = NO;
				DEBUG_INFORMATION_FORMAT = "dwarf-with-dsym";
				ENABLE_NS_ASSERTIONS = NO;
				ENABLE_STRICT_OBJC_MSGSEND = YES;
				GCC_C_LANGUAGE_STANDARD = gnu11;
				GCC_NO_COMMON_BLOCKS = YES;
				GCC_WARN_64_TO_32_BIT_CONVERSION = YES;
				GCC_WARN_ABOUT_RETURN_TYPE = YES_ERROR;
				GCC_WARN_UNDECLARED_SELECTOR = YES;
				GCC_WARN_UNINITIALIZED_AUTOS = YES_AGGRESSIVE;
				GCC_WARN_UNUSED_FUNCTION = YES;
				GCC_WARN_UNUSED_VARIABLE = YES;
				IPHONEOS_DEPLOYMENT_TARGET = 11.2;
				MTL_ENABLE_DEBUG_INFO = NO;
				SDKROOT = iphoneos;
				SWIFT_OPTIMIZATION_LEVEL = "-Owholemodule";
				VALIDATE_PRODUCT = YES;
			};
			name = Release;
		};
		83F9A3382033A2A2002D4B5B /* Debug */ = {
			isa = XCBuildConfiguration;
			baseConfigurationReference = 822C7CAEA800E26C1B42746C /* Pods-RxRedux.debug.xcconfig */;
			buildSettings = {
				ASSETCATALOG_COMPILER_APPICON_NAME = AppIcon;
				CODE_SIGN_STYLE = Automatic;
				INFOPLIST_FILE = "$(SRCROOT)/RxRedux/Example/Resources/Info.plist";
				LD_RUNPATH_SEARCH_PATHS = "$(inherited) @executable_path/Frameworks";
				PRODUCT_BUNDLE_IDENTIFIER = com.cjnevin.RxRedux;
				PRODUCT_NAME = "$(TARGET_NAME)";
				SWIFT_VERSION = 4.0;
				TARGETED_DEVICE_FAMILY = "1,2";
			};
			name = Debug;
		};
		83F9A3392033A2A2002D4B5B /* Release */ = {
			isa = XCBuildConfiguration;
			baseConfigurationReference = 838F53BD917F73BCC9CD89A2 /* Pods-RxRedux.release.xcconfig */;
			buildSettings = {
				ASSETCATALOG_COMPILER_APPICON_NAME = AppIcon;
				CODE_SIGN_STYLE = Automatic;
				INFOPLIST_FILE = "$(SRCROOT)/RxRedux/Example/Resources/Info.plist";
				LD_RUNPATH_SEARCH_PATHS = "$(inherited) @executable_path/Frameworks";
				PRODUCT_BUNDLE_IDENTIFIER = com.cjnevin.RxRedux;
				PRODUCT_NAME = "$(TARGET_NAME)";
				SWIFT_VERSION = 4.0;
				TARGETED_DEVICE_FAMILY = "1,2";
			};
			name = Release;
		};
		83F9A33B2033A2A2002D4B5B /* Debug */ = {
			isa = XCBuildConfiguration;
			baseConfigurationReference = 07B64CB9E7C5981129CB98A8 /* Pods-RxReduxTests.debug.xcconfig */;
			buildSettings = {
				ALWAYS_EMBED_SWIFT_STANDARD_LIBRARIES = YES;
				BUNDLE_LOADER = "$(TEST_HOST)";
				CODE_SIGN_STYLE = Automatic;
				INFOPLIST_FILE = RxReduxTests/Resources/Info.plist;
				LD_RUNPATH_SEARCH_PATHS = "$(inherited) @executable_path/Frameworks @loader_path/Frameworks";
				PRODUCT_BUNDLE_IDENTIFIER = com.cjnevin.RxReduxTests;
				PRODUCT_NAME = "$(TARGET_NAME)";
				SWIFT_VERSION = 4.0;
				TARGETED_DEVICE_FAMILY = "1,2";
				TEST_HOST = "$(BUILT_PRODUCTS_DIR)/RxRedux.app/RxRedux";
			};
			name = Debug;
		};
		83F9A33C2033A2A2002D4B5B /* Release */ = {
			isa = XCBuildConfiguration;
			baseConfigurationReference = 0815053FC80BE69B512DCB99 /* Pods-RxReduxTests.release.xcconfig */;
			buildSettings = {
				ALWAYS_EMBED_SWIFT_STANDARD_LIBRARIES = YES;
				BUNDLE_LOADER = "$(TEST_HOST)";
				CODE_SIGN_STYLE = Automatic;
				INFOPLIST_FILE = RxReduxTests/Resources/Info.plist;
				LD_RUNPATH_SEARCH_PATHS = "$(inherited) @executable_path/Frameworks @loader_path/Frameworks";
				PRODUCT_BUNDLE_IDENTIFIER = com.cjnevin.RxReduxTests;
				PRODUCT_NAME = "$(TARGET_NAME)";
				SWIFT_VERSION = 4.0;
				TARGETED_DEVICE_FAMILY = "1,2";
				TEST_HOST = "$(BUILT_PRODUCTS_DIR)/RxRedux.app/RxRedux";
			};
			name = Release;
		};
/* End XCBuildConfiguration section */

/* Begin XCConfigurationList section */
		83F9A3152033A2A2002D4B5B /* Build configuration list for PBXProject "RxRedux" */ = {
			isa = XCConfigurationList;
			buildConfigurations = (
				83F9A3352033A2A2002D4B5B /* Debug */,
				83F9A3362033A2A2002D4B5B /* Release */,
			);
			defaultConfigurationIsVisible = 0;
			defaultConfigurationName = Release;
		};
		83F9A3372033A2A2002D4B5B /* Build configuration list for PBXNativeTarget "RxRedux" */ = {
			isa = XCConfigurationList;
			buildConfigurations = (
				83F9A3382033A2A2002D4B5B /* Debug */,
				83F9A3392033A2A2002D4B5B /* Release */,
			);
			defaultConfigurationIsVisible = 0;
			defaultConfigurationName = Release;
		};
		83F9A33A2033A2A2002D4B5B /* Build configuration list for PBXNativeTarget "RxReduxTests" */ = {
			isa = XCConfigurationList;
			buildConfigurations = (
				83F9A33B2033A2A2002D4B5B /* Debug */,
				83F9A33C2033A2A2002D4B5B /* Release */,
			);
			defaultConfigurationIsVisible = 0;
			defaultConfigurationName = Release;
		};
/* End XCConfigurationList section */
	};
	rootObject = 83F9A3122033A2A2002D4B5B /* Project object */;
}
